
Microsoft Visual Studio Solution File, Format Version 12.00
# Visual Studio Version 17
VisualStudioVersion = 17.4.33213.308
MinimumVisualStudioVersion = 10.0.40219.1
Project("{FAE04EC0-301F-11D3-BF4B-00C04F79EFBC}") = "Oredev2023", "Oredev2023\Oredev2023.csproj", "{98F6AFE6-95D8-4F9E-9932-F4D3959B17D3}"
EndProject
Global
	GlobalSection(SolutionConfigurationPlatforms) = preSolution
		Debug|Any CPU = Debug|Any CPU
		Release|Any CPU = Release|Any CPU
	EndGlobalSection
	GlobalSection(ProjectConfigurationPlatforms) = postSolution
		{98F6AFE6-95D8-4F9E-9932-F4D3959B17D3}.Debug|Any CPU.ActiveCfg = Debug|Any CPU
		{98F6AFE6-95D8-4F9E-9932-F4D3959B17D3}.Debug|Any CPU.Build.0 = Debug|Any CPU
		{98F6AFE6-95D8-4F9E-9932-F4D3959B17D3}.Release|Any CPU.ActiveCfg = Release|Any CPU
		{98F6AFE6-95D8-4F9E-9932-F4D3959B17D3}.Release|Any CPU.Build.0 = Release|Any CPU
	EndGlobalSection
	GlobalSection(SolutionProperties) = preSolution
		HideSolutionNode = FALSE
	EndGlobalSection
	GlobalSection(ExtensibilityGlobals) = postSolution
		SolutionGuid = {C4253C4D-3AFC-4A12-97EC-7BD5DD3B0C0A}
	EndGlobalSection
EndGlobal
