
Microsoft Visual Studio Solution File, Format Version 12.00
# Visual Studio Version 16
VisualStudioVersion = 16.0.28407.52
MinimumVisualStudioVersion = 10.0.40219.1
Project("{9A19103F-16F7-4668-BE54-9A1E7A4F7556}") = "ArrayLayout", "ArrayLayout\ArrayLayout.csproj", "{CB901551-55CB-4973-A834-B9D7AA93DF44}"
EndProject
Project("{9A19103F-16F7-4668-BE54-9A1E7A4F7556}") = "BranchPrediction", "BranchPrediction\BranchPrediction.csproj", "{75C7E467-7AAD-4B93-A5A5-FDEF891C2A39}"
EndProject
Project("{9A19103F-16F7-4668-BE54-9A1E7A4F7556}") = "CacheCoherence", "CacheCoherence\CacheCoherence.csproj", "{F580DF31-172D-49F2-8761-22ACD71AA2BE}"
EndProject
Project("{9A19103F-16F7-4668-BE54-9A1E7A4F7556}") = "DataDrivenDesign", "DataDrivenDesign\DataDrivenDesign.csproj", "{0D40CB44-850A-4DB5-BF51-98DB0093CF85}"
EndProject
Project("{9A19103F-16F7-4668-BE54-9A1E7A4F7556}") = "Polymorphism", "Polymorphism\Polymorphism.csproj", "{D0395050-13E3-4130-974F-A35ABA51DBAD}"
EndProject
Project("{9A19103F-16F7-4668-BE54-9A1E7A4F7556}") = "Indirection", "Indirection\Indirection.csproj", "{494EEC28-CEB1-4558-ABEE-29B2ABED5428}"
EndProject
Project("{9A19103F-16F7-4668-BE54-9A1E7A4F7556}") = "IdiomaticVsSimple", "IdiomaticVsSimple\IdiomaticVsSimple.csproj", "{3DE0C67E-55D5-4F20-924B-7DF7856886A8}"
EndProject
Project("{9A19103F-16F7-4668-BE54-9A1E7A4F7556}") = "StructOfArrays", "StructOfArrays\StructOfArrays.csproj", "{2142F4B1-CE61-41F0-9113-C9B2E17274F0}"
EndProject
Project("{FAE04EC0-301F-11D3-BF4B-00C04F79EFBC}") = "AccessPatterns", "AccessPatterns\AccessPatterns.csproj", "{1380F2D4-795D-460D-8696-4450ED91D6BB}"
EndProject
Global
	GlobalSection(SolutionConfigurationPlatforms) = preSolution
		Debug|Any CPU = Debug|Any CPU
		Release|Any CPU = Release|Any CPU
	EndGlobalSection
	GlobalSection(ProjectConfigurationPlatforms) = postSolution
		{CB901551-55CB-4973-A834-B9D7AA93DF44}.Debug|Any CPU.ActiveCfg = Debug|Any CPU
		{CB901551-55CB-4973-A834-B9D7AA93DF44}.Debug|Any CPU.Build.0 = Debug|Any CPU
		{CB901551-55CB-4973-A834-B9D7AA93DF44}.Release|Any CPU.ActiveCfg = Release|Any CPU
		{CB901551-55CB-4973-A834-B9D7AA93DF44}.Release|Any CPU.Build.0 = Release|Any CPU
		{75C7E467-7AAD-4B93-A5A5-FDEF891C2A39}.Debug|Any CPU.ActiveCfg = Debug|Any CPU
		{75C7E467-7AAD-4B93-A5A5-FDEF891C2A39}.Debug|Any CPU.Build.0 = Debug|Any CPU
		{75C7E467-7AAD-4B93-A5A5-FDEF891C2A39}.Release|Any CPU.ActiveCfg = Release|Any CPU
		{75C7E467-7AAD-4B93-A5A5-FDEF891C2A39}.Release|Any CPU.Build.0 = Release|Any CPU
		{F580DF31-172D-49F2-8761-22ACD71AA2BE}.Debug|Any CPU.ActiveCfg = Debug|Any CPU
		{F580DF31-172D-49F2-8761-22ACD71AA2BE}.Debug|Any CPU.Build.0 = Debug|Any CPU
		{F580DF31-172D-49F2-8761-22ACD71AA2BE}.Release|Any CPU.ActiveCfg = Release|Any CPU
		{F580DF31-172D-49F2-8761-22ACD71AA2BE}.Release|Any CPU.Build.0 = Release|Any CPU
		{0D40CB44-850A-4DB5-BF51-98DB0093CF85}.Debug|Any CPU.ActiveCfg = Debug|Any CPU
		{0D40CB44-850A-4DB5-BF51-98DB0093CF85}.Debug|Any CPU.Build.0 = Debug|Any CPU
		{0D40CB44-850A-4DB5-BF51-98DB0093CF85}.Release|Any CPU.ActiveCfg = Release|Any CPU
		{0D40CB44-850A-4DB5-BF51-98DB0093CF85}.Release|Any CPU.Build.0 = Release|Any CPU
		{D0395050-13E3-4130-974F-A35ABA51DBAD}.Debug|Any CPU.ActiveCfg = Debug|Any CPU
		{D0395050-13E3-4130-974F-A35ABA51DBAD}.Debug|Any CPU.Build.0 = Debug|Any CPU
		{D0395050-13E3-4130-974F-A35ABA51DBAD}.Release|Any CPU.ActiveCfg = Release|Any CPU
		{D0395050-13E3-4130-974F-A35ABA51DBAD}.Release|Any CPU.Build.0 = Release|Any CPU
		{494EEC28-CEB1-4558-ABEE-29B2ABED5428}.Debug|Any CPU.ActiveCfg = Debug|Any CPU
		{494EEC28-CEB1-4558-ABEE-29B2ABED5428}.Debug|Any CPU.Build.0 = Debug|Any CPU
		{494EEC28-CEB1-4558-ABEE-29B2ABED5428}.Release|Any CPU.ActiveCfg = Release|Any CPU
		{494EEC28-CEB1-4558-ABEE-29B2ABED5428}.Release|Any CPU.Build.0 = Release|Any CPU
		{3DE0C67E-55D5-4F20-924B-7DF7856886A8}.Debug|Any CPU.ActiveCfg = Debug|Any CPU
		{3DE0C67E-55D5-4F20-924B-7DF7856886A8}.Debug|Any CPU.Build.0 = Debug|Any CPU
		{3DE0C67E-55D5-4F20-924B-7DF7856886A8}.Release|Any CPU.ActiveCfg = Release|Any CPU
		{3DE0C67E-55D5-4F20-924B-7DF7856886A8}.Release|Any CPU.Build.0 = Release|Any CPU
		{2142F4B1-CE61-41F0-9113-C9B2E17274F0}.Debug|Any CPU.ActiveCfg = Debug|Any CPU
		{2142F4B1-CE61-41F0-9113-C9B2E17274F0}.Debug|Any CPU.Build.0 = Debug|Any CPU
		{2142F4B1-CE61-41F0-9113-C9B2E17274F0}.Release|Any CPU.ActiveCfg = Release|Any CPU
		{2142F4B1-CE61-41F0-9113-C9B2E17274F0}.Release|Any CPU.Build.0 = Release|Any CPU
		{1380F2D4-795D-460D-8696-4450ED91D6BB}.Debug|Any CPU.ActiveCfg = Debug|Any CPU
		{1380F2D4-795D-460D-8696-4450ED91D6BB}.Debug|Any CPU.Build.0 = Debug|Any CPU
		{1380F2D4-795D-460D-8696-4450ED91D6BB}.Release|Any CPU.ActiveCfg = Release|Any CPU
		{1380F2D4-795D-460D-8696-4450ED91D6BB}.Release|Any CPU.Build.0 = Release|Any CPU
	EndGlobalSection
	GlobalSection(SolutionProperties) = preSolution
		HideSolutionNode = FALSE
	EndGlobalSection
	GlobalSection(ExtensibilityGlobals) = postSolution
		SolutionGuid = {FA636C3D-CD2E-4900-AD24-B23C9C6035F3}
	EndGlobalSection
EndGlobal
